
Microsoft Visual Studio Solution File, Format Version 12.00
# Visual Studio Version 16
VisualStudioVersion = 16.0.33801.447
MinimumVisualStudioVersion = 10.0.40219.1
Project("{FAE04EC0-301F-11D3-BF4B-00C04F79EFBC}") = "NamanBookStore", "NamanBookStore\NamanBookStore.csproj", "{B41D2EBA-0C73-4209-ADE8-023F3AAE5269}"
EndProject
Project("{FAE04EC0-301F-11D3-BF4B-00C04F79EFBC}") = "NamanBooks.DataAccess", "NamanBooks.DataAccess\NamanBooks.DataAccess.csproj", "{3406B390-54E6-435B-9C27-2E5EAA81D35A}"
EndProject
Project("{FAE04EC0-301F-11D3-BF4B-00C04F79EFBC}") = "NamanBooks.Models", "NamanBooks.Models\NamanBooks.Models.csproj", "{7589C3A0-F89A-4150-8E23-58DC6CA458A1}"
EndProject
Project("{FAE04EC0-301F-11D3-BF4B-00C04F79EFBC}") = "NamanBooks.Utility", "NamanBooks.Utility\NamanBooks.Utility.csproj", "{F333E413-8D19-4475-A046-2EB34D8C93A6}"
EndProject
Global
	GlobalSection(SolutionConfigurationPlatforms) = preSolution
		Debug|Any CPU = Debug|Any CPU
		Release|Any CPU = Release|Any CPU
	EndGlobalSection
	GlobalSection(ProjectConfigurationPlatforms) = postSolution
		{B41D2EBA-0C73-4209-ADE8-023F3AAE5269}.Debug|Any CPU.ActiveCfg = Debug|Any CPU
		{B41D2EBA-0C73-4209-ADE8-023F3AAE5269}.Debug|Any CPU.Build.0 = Debug|Any CPU
		{B41D2EBA-0C73-4209-ADE8-023F3AAE5269}.Release|Any CPU.ActiveCfg = Release|Any CPU
		{B41D2EBA-0C73-4209-ADE8-023F3AAE5269}.Release|Any CPU.Build.0 = Release|Any CPU
		{3406B390-54E6-435B-9C27-2E5EAA81D35A}.Debug|Any CPU.ActiveCfg = Debug|Any CPU
		{3406B390-54E6-435B-9C27-2E5EAA81D35A}.Debug|Any CPU.Build.0 = Debug|Any CPU
		{3406B390-54E6-435B-9C27-2E5EAA81D35A}.Release|Any CPU.ActiveCfg = Release|Any CPU
		{3406B390-54E6-435B-9C27-2E5EAA81D35A}.Release|Any CPU.Build.0 = Release|Any CPU
		{7589C3A0-F89A-4150-8E23-58DC6CA458A1}.Debug|Any CPU.ActiveCfg = Debug|Any CPU
		{7589C3A0-F89A-4150-8E23-58DC6CA458A1}.Debug|Any CPU.Build.0 = Debug|Any CPU
		{7589C3A0-F89A-4150-8E23-58DC6CA458A1}.Release|Any CPU.ActiveCfg = Release|Any CPU
		{7589C3A0-F89A-4150-8E23-58DC6CA458A1}.Release|Any CPU.Build.0 = Release|Any CPU
		{F333E413-8D19-4475-A046-2EB34D8C93A6}.Debug|Any CPU.ActiveCfg = Debug|Any CPU
		{F333E413-8D19-4475-A046-2EB34D8C93A6}.Debug|Any CPU.Build.0 = Debug|Any CPU
		{F333E413-8D19-4475-A046-2EB34D8C93A6}.Release|Any CPU.ActiveCfg = Release|Any CPU
		{F333E413-8D19-4475-A046-2EB34D8C93A6}.Release|Any CPU.Build.0 = Release|Any CPU
	EndGlobalSection
	GlobalSection(SolutionProperties) = preSolution
		HideSolutionNode = FALSE
	EndGlobalSection
	GlobalSection(ExtensibilityGlobals) = postSolution
		SolutionGuid = {425B0D4C-B424-4046-8569-BE8C6F996B84}
	EndGlobalSection
EndGlobal
